
Microsoft Visual Studio Solution File, Format Version 12.00
# Visual Studio Version 16
VisualStudioVersion = 16.0.29209.62
MinimumVisualStudioVersion = 10.0.40219.1
Project("{9A19103F-16F7-4668-BE54-9A1E7A4F7556}") = "SistemaDeConvocacoes.Domain", "SistemaDeConvocacoes.Domain\SistemaDeConvocacoes.Domain.csproj", "{544EBE29-8BA4-47C3-97D0-0CD768ADFD12}"
EndProject
Project("{9A19103F-16F7-4668-BE54-9A1E7A4F7556}") = "SistemaDeConvocacoes.Infra", "SistemaDeConvocacoes.Infra\SistemaDeConvocacoes.Infra.csproj", "{E1705E7F-8F92-4AC2-B88C-FA9E2AB1FFC5}"
EndProject
Project("{9A19103F-16F7-4668-BE54-9A1E7A4F7556}") = "SistemaDeConvocacoes.Tests", "SistemaDeConvocacoes.Tests\SistemaDeConvocacoes.Tests.csproj", "{D90C67D3-ECF6-4676-9D42-FD8A7CD2B5CD}"
EndProject
Project("{9A19103F-16F7-4668-BE54-9A1E7A4F7556}") = "SistemaDeConvocacoes.Application", "SistemaDeConvocacoes.Application\SistemaDeConvocacoes.Application.csproj", "{534B0C79-6B1A-4CDF-8D06-58A50DBF1031}"
EndProject
Project("{FAE04EC0-301F-11D3-BF4B-00C04F79EFBC}") = "SistemaDeConvocacoes.Presentation", "SistemaDeConvocacoes.Presentation\SistemaDeConvocacoes.Presentation.csproj", "{9F07054B-282C-4380-9E47-3C6B794C51CA}"
EndProject
Global
	GlobalSection(SolutionConfigurationPlatforms) = preSolution
		Debug|Any CPU = Debug|Any CPU
		Release|Any CPU = Release|Any CPU
	EndGlobalSection
	GlobalSection(ProjectConfigurationPlatforms) = postSolution
		{544EBE29-8BA4-47C3-97D0-0CD768ADFD12}.Debug|Any CPU.ActiveCfg = Debug|Any CPU
		{544EBE29-8BA4-47C3-97D0-0CD768ADFD12}.Debug|Any CPU.Build.0 = Debug|Any CPU
		{544EBE29-8BA4-47C3-97D0-0CD768ADFD12}.Release|Any CPU.ActiveCfg = Release|Any CPU
		{544EBE29-8BA4-47C3-97D0-0CD768ADFD12}.Release|Any CPU.Build.0 = Release|Any CPU
		{E1705E7F-8F92-4AC2-B88C-FA9E2AB1FFC5}.Debug|Any CPU.ActiveCfg = Debug|Any CPU
		{E1705E7F-8F92-4AC2-B88C-FA9E2AB1FFC5}.Debug|Any CPU.Build.0 = Debug|Any CPU
		{E1705E7F-8F92-4AC2-B88C-FA9E2AB1FFC5}.Release|Any CPU.ActiveCfg = Release|Any CPU
		{E1705E7F-8F92-4AC2-B88C-FA9E2AB1FFC5}.Release|Any CPU.Build.0 = Release|Any CPU
		{D90C67D3-ECF6-4676-9D42-FD8A7CD2B5CD}.Debug|Any CPU.ActiveCfg = Debug|Any CPU
		{D90C67D3-ECF6-4676-9D42-FD8A7CD2B5CD}.Debug|Any CPU.Build.0 = Debug|Any CPU
		{D90C67D3-ECF6-4676-9D42-FD8A7CD2B5CD}.Release|Any CPU.ActiveCfg = Release|Any CPU
		{D90C67D3-ECF6-4676-9D42-FD8A7CD2B5CD}.Release|Any CPU.Build.0 = Release|Any CPU
		{534B0C79-6B1A-4CDF-8D06-58A50DBF1031}.Debug|Any CPU.ActiveCfg = Debug|Any CPU
		{534B0C79-6B1A-4CDF-8D06-58A50DBF1031}.Debug|Any CPU.Build.0 = Debug|Any CPU
		{534B0C79-6B1A-4CDF-8D06-58A50DBF1031}.Release|Any CPU.ActiveCfg = Release|Any CPU
		{534B0C79-6B1A-4CDF-8D06-58A50DBF1031}.Release|Any CPU.Build.0 = Release|Any CPU
		{9F07054B-282C-4380-9E47-3C6B794C51CA}.Debug|Any CPU.ActiveCfg = Debug|Any CPU
		{9F07054B-282C-4380-9E47-3C6B794C51CA}.Debug|Any CPU.Build.0 = Debug|Any CPU
		{9F07054B-282C-4380-9E47-3C6B794C51CA}.Release|Any CPU.ActiveCfg = Release|Any CPU
		{9F07054B-282C-4380-9E47-3C6B794C51CA}.Release|Any CPU.Build.0 = Release|Any CPU
	EndGlobalSection
	GlobalSection(SolutionProperties) = preSolution
		HideSolutionNode = FALSE
	EndGlobalSection
	GlobalSection(ExtensibilityGlobals) = postSolution
		SolutionGuid = {CCECBCDF-3D74-4BB3-83A8-1C0FAFBFAC9C}
	EndGlobalSection
EndGlobal
